
Microsoft Visual Studio Solution File, Format Version 12.00
# Visual Studio Version 16
VisualStudioVersion = 16.0.30503.244
MinimumVisualStudioVersion = 15.0.26124.0
Project("{9A19103F-16F7-4668-BE54-9A1E7A4F7556}") = "01-ReportRepair", "01\01-ReportRepair.csproj", "{146C22BF-8193-4D79-A05B-721C161AC4E1}"
EndProject
Project("{9A19103F-16F7-4668-BE54-9A1E7A4F7556}") = "02-PasswordPhilosophy", "02\02-PasswordPhilosophy.csproj", "{769AF5CC-9D5B-45A1-961A-CAB47394A36F}"
EndProject
Project("{9A19103F-16F7-4668-BE54-9A1E7A4F7556}") = "03-TobogganTrajectory", "03\03-TobogganTrajectory.csproj", "{F0B8AF8C-EDC6-424D-AE93-8E96F95F6777}"
EndProject
Project("{9A19103F-16F7-4668-BE54-9A1E7A4F7556}") = "04-PassportProcessing", "04\04-PassportProcessing.csproj", "{BB42FAE2-732F-42AB-A27C-39BA99C5F70B}"
EndProject
Project("{9A19103F-16F7-4668-BE54-9A1E7A4F7556}") = "05-BinaryBoarding", "05\05-BinaryBoarding.csproj", "{FDEEC45B-89BE-4800-A86F-CBC178468308}"
EndProject
Project("{9A19103F-16F7-4668-BE54-9A1E7A4F7556}") = "06-CustomCustomers", "06\06-CustomCustomers.csproj", "{079AC4E4-8359-4627-9588-1CEF25C060C3}"
EndProject
Project("{9A19103F-16F7-4668-BE54-9A1E7A4F7556}") = "07", "07\07.csproj", "{BBCEEBED-18FA-4867-8D0D-D5E527376D85}"
EndProject
Project("{9A19103F-16F7-4668-BE54-9A1E7A4F7556}") = "08", "08\08.csproj", "{6379CB03-EED4-4E77-957B-25D1DF97502B}"
EndProject
Project("{9A19103F-16F7-4668-BE54-9A1E7A4F7556}") = "10", "10\10.csproj", "{088A5862-9CC7-443C-BD90-4CFC3B68425F}"
EndProject
Project("{9A19103F-16F7-4668-BE54-9A1E7A4F7556}") = "11", "11\11.csproj", "{54C547B7-AF28-4036-9C5F-4685ABA1B0C6}"
EndProject
Project("{9A19103F-16F7-4668-BE54-9A1E7A4F7556}") = "12", "12\12.csproj", "{7CD692D9-4698-4383-93DC-19543FC5FE60}"
EndProject
Project("{9A19103F-16F7-4668-BE54-9A1E7A4F7556}") = "13", "13\13.csproj", "{0940BB9D-42FE-4843-B3EF-012F6E1CCF9E}"
EndProject
Project("{9A19103F-16F7-4668-BE54-9A1E7A4F7556}") = "14", "14\14.csproj", "{6B4B4E76-0E70-4EF3-8AA9-CA11982E0371}"
EndProject
Project("{9A19103F-16F7-4668-BE54-9A1E7A4F7556}") = "15", "15\15.csproj", "{8FA64070-24B7-49D1-98AA-E0C3C33E60D3}"
EndProject
Project("{9A19103F-16F7-4668-BE54-9A1E7A4F7556}") = "16", "16\16.csproj", "{56D823FB-1A57-4708-8104-227F6721C045}"
EndProject
Project("{9A19103F-16F7-4668-BE54-9A1E7A4F7556}") = "17", "17\17.csproj", "{A6D750D2-7C18-4561-98C0-408B373B6CC9}"
EndProject
Project("{9A19103F-16F7-4668-BE54-9A1E7A4F7556}") = "18", "18\18.csproj", "{0FBEDF85-64D6-49F7-82CD-39779FE05430}"
EndProject
Project("{9A19103F-16F7-4668-BE54-9A1E7A4F7556}") = "19", "19\19.csproj", "{FFC7DDA6-DB64-4539-A280-0D25A2EC8B64}"
EndProject
Project("{9A19103F-16F7-4668-BE54-9A1E7A4F7556}") = "20", "20\20.csproj", "{B80DEF6C-AA14-4FC8-AA9C-942E1D7ED7E5}"
EndProject
Project("{9A19103F-16F7-4668-BE54-9A1E7A4F7556}") = "21", "21\21.csproj", "{AD0E2F94-DBDF-4B6C-83F5-0319D0F8AA2F}"
EndProject
Global
	GlobalSection(SolutionConfigurationPlatforms) = preSolution
		Debug|Any CPU = Debug|Any CPU
		Debug|x64 = Debug|x64
		Debug|x86 = Debug|x86
		Release|Any CPU = Release|Any CPU
		Release|x64 = Release|x64
		Release|x86 = Release|x86
	EndGlobalSection
	GlobalSection(ProjectConfigurationPlatforms) = postSolution
		{146C22BF-8193-4D79-A05B-721C161AC4E1}.Debug|Any CPU.ActiveCfg = Debug|Any CPU
		{146C22BF-8193-4D79-A05B-721C161AC4E1}.Debug|Any CPU.Build.0 = Debug|Any CPU
		{146C22BF-8193-4D79-A05B-721C161AC4E1}.Debug|x64.ActiveCfg = Debug|Any CPU
		{146C22BF-8193-4D79-A05B-721C161AC4E1}.Debug|x64.Build.0 = Debug|Any CPU
		{146C22BF-8193-4D79-A05B-721C161AC4E1}.Debug|x86.ActiveCfg = Debug|Any CPU
		{146C22BF-8193-4D79-A05B-721C161AC4E1}.Debug|x86.Build.0 = Debug|Any CPU
		{146C22BF-8193-4D79-A05B-721C161AC4E1}.Release|Any CPU.ActiveCfg = Release|Any CPU
		{146C22BF-8193-4D79-A05B-721C161AC4E1}.Release|Any CPU.Build.0 = Release|Any CPU
		{146C22BF-8193-4D79-A05B-721C161AC4E1}.Release|x64.ActiveCfg = Release|Any CPU
		{146C22BF-8193-4D79-A05B-721C161AC4E1}.Release|x64.Build.0 = Release|Any CPU
		{146C22BF-8193-4D79-A05B-721C161AC4E1}.Release|x86.ActiveCfg = Release|Any CPU
		{146C22BF-8193-4D79-A05B-721C161AC4E1}.Release|x86.Build.0 = Release|Any CPU
		{769AF5CC-9D5B-45A1-961A-CAB47394A36F}.Debug|Any CPU.ActiveCfg = Debug|Any CPU
		{769AF5CC-9D5B-45A1-961A-CAB47394A36F}.Debug|Any CPU.Build.0 = Debug|Any CPU
		{769AF5CC-9D5B-45A1-961A-CAB47394A36F}.Debug|x64.ActiveCfg = Debug|Any CPU
		{769AF5CC-9D5B-45A1-961A-CAB47394A36F}.Debug|x64.Build.0 = Debug|Any CPU
		{769AF5CC-9D5B-45A1-961A-CAB47394A36F}.Debug|x86.ActiveCfg = Debug|Any CPU
		{769AF5CC-9D5B-45A1-961A-CAB47394A36F}.Debug|x86.Build.0 = Debug|Any CPU
		{769AF5CC-9D5B-45A1-961A-CAB47394A36F}.Release|Any CPU.ActiveCfg = Release|Any CPU
		{769AF5CC-9D5B-45A1-961A-CAB47394A36F}.Release|Any CPU.Build.0 = Release|Any CPU
		{769AF5CC-9D5B-45A1-961A-CAB47394A36F}.Release|x64.ActiveCfg = Release|Any CPU
		{769AF5CC-9D5B-45A1-961A-CAB47394A36F}.Release|x64.Build.0 = Release|Any CPU
		{769AF5CC-9D5B-45A1-961A-CAB47394A36F}.Release|x86.ActiveCfg = Release|Any CPU
		{769AF5CC-9D5B-45A1-961A-CAB47394A36F}.Release|x86.Build.0 = Release|Any CPU
		{F0B8AF8C-EDC6-424D-AE93-8E96F95F6777}.Debug|Any CPU.ActiveCfg = Debug|Any CPU
		{F0B8AF8C-EDC6-424D-AE93-8E96F95F6777}.Debug|Any CPU.Build.0 = Debug|Any CPU
		{F0B8AF8C-EDC6-424D-AE93-8E96F95F6777}.Debug|x64.ActiveCfg = Debug|Any CPU
		{F0B8AF8C-EDC6-424D-AE93-8E96F95F6777}.Debug|x64.Build.0 = Debug|Any CPU
		{F0B8AF8C-EDC6-424D-AE93-8E96F95F6777}.Debug|x86.ActiveCfg = Debug|Any CPU
		{F0B8AF8C-EDC6-424D-AE93-8E96F95F6777}.Debug|x86.Build.0 = Debug|Any CPU
		{F0B8AF8C-EDC6-424D-AE93-8E96F95F6777}.Release|Any CPU.ActiveCfg = Release|Any CPU
		{F0B8AF8C-EDC6-424D-AE93-8E96F95F6777}.Release|Any CPU.Build.0 = Release|Any CPU
		{F0B8AF8C-EDC6-424D-AE93-8E96F95F6777}.Release|x64.ActiveCfg = Release|Any CPU
		{F0B8AF8C-EDC6-424D-AE93-8E96F95F6777}.Release|x64.Build.0 = Release|Any CPU
		{F0B8AF8C-EDC6-424D-AE93-8E96F95F6777}.Release|x86.ActiveCfg = Release|Any CPU
		{F0B8AF8C-EDC6-424D-AE93-8E96F95F6777}.Release|x86.Build.0 = Release|Any CPU
		{BB42FAE2-732F-42AB-A27C-39BA99C5F70B}.Debug|Any CPU.ActiveCfg = Debug|Any CPU
		{BB42FAE2-732F-42AB-A27C-39BA99C5F70B}.Debug|Any CPU.Build.0 = Debug|Any CPU
		{BB42FAE2-732F-42AB-A27C-39BA99C5F70B}.Debug|x64.ActiveCfg = Debug|Any CPU
		{BB42FAE2-732F-42AB-A27C-39BA99C5F70B}.Debug|x64.Build.0 = Debug|Any CPU
		{BB42FAE2-732F-42AB-A27C-39BA99C5F70B}.Debug|x86.ActiveCfg = Debug|Any CPU
		{BB42FAE2-732F-42AB-A27C-39BA99C5F70B}.Debug|x86.Build.0 = Debug|Any CPU
		{BB42FAE2-732F-42AB-A27C-39BA99C5F70B}.Release|Any CPU.ActiveCfg = Release|Any CPU
		{BB42FAE2-732F-42AB-A27C-39BA99C5F70B}.Release|Any CPU.Build.0 = Release|Any CPU
		{BB42FAE2-732F-42AB-A27C-39BA99C5F70B}.Release|x64.ActiveCfg = Release|Any CPU
		{BB42FAE2-732F-42AB-A27C-39BA99C5F70B}.Release|x64.Build.0 = Release|Any CPU
		{BB42FAE2-732F-42AB-A27C-39BA99C5F70B}.Release|x86.ActiveCfg = Release|Any CPU
		{BB42FAE2-732F-42AB-A27C-39BA99C5F70B}.Release|x86.Build.0 = Release|Any CPU
		{FDEEC45B-89BE-4800-A86F-CBC178468308}.Debug|Any CPU.ActiveCfg = Debug|Any CPU
		{FDEEC45B-89BE-4800-A86F-CBC178468308}.Debug|Any CPU.Build.0 = Debug|Any CPU
		{FDEEC45B-89BE-4800-A86F-CBC178468308}.Debug|x64.ActiveCfg = Debug|Any CPU
		{FDEEC45B-89BE-4800-A86F-CBC178468308}.Debug|x64.Build.0 = Debug|Any CPU
		{FDEEC45B-89BE-4800-A86F-CBC178468308}.Debug|x86.ActiveCfg = Debug|Any CPU
		{FDEEC45B-89BE-4800-A86F-CBC178468308}.Debug|x86.Build.0 = Debug|Any CPU
		{FDEEC45B-89BE-4800-A86F-CBC178468308}.Release|Any CPU.ActiveCfg = Release|Any CPU
		{FDEEC45B-89BE-4800-A86F-CBC178468308}.Release|Any CPU.Build.0 = Release|Any CPU
		{FDEEC45B-89BE-4800-A86F-CBC178468308}.Release|x64.ActiveCfg = Release|Any CPU
		{FDEEC45B-89BE-4800-A86F-CBC178468308}.Release|x64.Build.0 = Release|Any CPU
		{FDEEC45B-89BE-4800-A86F-CBC178468308}.Release|x86.ActiveCfg = Release|Any CPU
		{FDEEC45B-89BE-4800-A86F-CBC178468308}.Release|x86.Build.0 = Release|Any CPU
		{079AC4E4-8359-4627-9588-1CEF25C060C3}.Debug|Any CPU.ActiveCfg = Debug|Any CPU
		{079AC4E4-8359-4627-9588-1CEF25C060C3}.Debug|Any CPU.Build.0 = Debug|Any CPU
		{079AC4E4-8359-4627-9588-1CEF25C060C3}.Debug|x64.ActiveCfg = Debug|Any CPU
		{079AC4E4-8359-4627-9588-1CEF25C060C3}.Debug|x64.Build.0 = Debug|Any CPU
		{079AC4E4-8359-4627-9588-1CEF25C060C3}.Debug|x86.ActiveCfg = Debug|Any CPU
		{079AC4E4-8359-4627-9588-1CEF25C060C3}.Debug|x86.Build.0 = Debug|Any CPU
		{079AC4E4-8359-4627-9588-1CEF25C060C3}.Release|Any CPU.ActiveCfg = Release|Any CPU
		{079AC4E4-8359-4627-9588-1CEF25C060C3}.Release|Any CPU.Build.0 = Release|Any CPU
		{079AC4E4-8359-4627-9588-1CEF25C060C3}.Release|x64.ActiveCfg = Release|Any CPU
		{079AC4E4-8359-4627-9588-1CEF25C060C3}.Release|x64.Build.0 = Release|Any CPU
		{079AC4E4-8359-4627-9588-1CEF25C060C3}.Release|x86.ActiveCfg = Release|Any CPU
		{079AC4E4-8359-4627-9588-1CEF25C060C3}.Release|x86.Build.0 = Release|Any CPU
		{BBCEEBED-18FA-4867-8D0D-D5E527376D85}.Debug|Any CPU.ActiveCfg = Debug|Any CPU
		{BBCEEBED-18FA-4867-8D0D-D5E527376D85}.Debug|Any CPU.Build.0 = Debug|Any CPU
		{BBCEEBED-18FA-4867-8D0D-D5E527376D85}.Debug|x64.ActiveCfg = Debug|Any CPU
		{BBCEEBED-18FA-4867-8D0D-D5E527376D85}.Debug|x64.Build.0 = Debug|Any CPU
		{BBCEEBED-18FA-4867-8D0D-D5E527376D85}.Debug|x86.ActiveCfg = Debug|Any CPU
		{BBCEEBED-18FA-4867-8D0D-D5E527376D85}.Debug|x86.Build.0 = Debug|Any CPU
		{BBCEEBED-18FA-4867-8D0D-D5E527376D85}.Release|Any CPU.ActiveCfg = Release|Any CPU
		{BBCEEBED-18FA-4867-8D0D-D5E527376D85}.Release|Any CPU.Build.0 = Release|Any CPU
		{BBCEEBED-18FA-4867-8D0D-D5E527376D85}.Release|x64.ActiveCfg = Release|Any CPU
		{BBCEEBED-18FA-4867-8D0D-D5E527376D85}.Release|x64.Build.0 = Release|Any CPU
		{BBCEEBED-18FA-4867-8D0D-D5E527376D85}.Release|x86.ActiveCfg = Release|Any CPU
		{BBCEEBED-18FA-4867-8D0D-D5E527376D85}.Release|x86.Build.0 = Release|Any CPU
		{6379CB03-EED4-4E77-957B-25D1DF97502B}.Debug|Any CPU.ActiveCfg = Debug|Any CPU
		{6379CB03-EED4-4E77-957B-25D1DF97502B}.Debug|Any CPU.Build.0 = Debug|Any CPU
		{6379CB03-EED4-4E77-957B-25D1DF97502B}.Debug|x64.ActiveCfg = Debug|Any CPU
		{6379CB03-EED4-4E77-957B-25D1DF97502B}.Debug|x64.Build.0 = Debug|Any CPU
		{6379CB03-EED4-4E77-957B-25D1DF97502B}.Debug|x86.ActiveCfg = Debug|Any CPU
		{6379CB03-EED4-4E77-957B-25D1DF97502B}.Debug|x86.Build.0 = Debug|Any CPU
		{6379CB03-EED4-4E77-957B-25D1DF97502B}.Release|Any CPU.ActiveCfg = Release|Any CPU
		{6379CB03-EED4-4E77-957B-25D1DF97502B}.Release|Any CPU.Build.0 = Release|Any CPU
		{6379CB03-EED4-4E77-957B-25D1DF97502B}.Release|x64.ActiveCfg = Release|Any CPU
		{6379CB03-EED4-4E77-957B-25D1DF97502B}.Release|x64.Build.0 = Release|Any CPU
		{6379CB03-EED4-4E77-957B-25D1DF97502B}.Release|x86.ActiveCfg = Release|Any CPU
		{6379CB03-EED4-4E77-957B-25D1DF97502B}.Release|x86.Build.0 = Release|Any CPU
		{088A5862-9CC7-443C-BD90-4CFC3B68425F}.Debug|Any CPU.ActiveCfg = Debug|Any CPU
		{088A5862-9CC7-443C-BD90-4CFC3B68425F}.Debug|Any CPU.Build.0 = Debug|Any CPU
		{088A5862-9CC7-443C-BD90-4CFC3B68425F}.Debug|x64.ActiveCfg = Debug|Any CPU
		{088A5862-9CC7-443C-BD90-4CFC3B68425F}.Debug|x64.Build.0 = Debug|Any CPU
		{088A5862-9CC7-443C-BD90-4CFC3B68425F}.Debug|x86.ActiveCfg = Debug|Any CPU
		{088A5862-9CC7-443C-BD90-4CFC3B68425F}.Debug|x86.Build.0 = Debug|Any CPU
		{088A5862-9CC7-443C-BD90-4CFC3B68425F}.Release|Any CPU.ActiveCfg = Release|Any CPU
		{088A5862-9CC7-443C-BD90-4CFC3B68425F}.Release|Any CPU.Build.0 = Release|Any CPU
		{088A5862-9CC7-443C-BD90-4CFC3B68425F}.Release|x64.ActiveCfg = Release|Any CPU
		{088A5862-9CC7-443C-BD90-4CFC3B68425F}.Release|x64.Build.0 = Release|Any CPU
		{088A5862-9CC7-443C-BD90-4CFC3B68425F}.Release|x86.ActiveCfg = Release|Any CPU
		{088A5862-9CC7-443C-BD90-4CFC3B68425F}.Release|x86.Build.0 = Release|Any CPU
		{54C547B7-AF28-4036-9C5F-4685ABA1B0C6}.Debug|Any CPU.ActiveCfg = Debug|Any CPU
		{54C547B7-AF28-4036-9C5F-4685ABA1B0C6}.Debug|Any CPU.Build.0 = Debug|Any CPU
		{54C547B7-AF28-4036-9C5F-4685ABA1B0C6}.Debug|x64.ActiveCfg = Debug|Any CPU
		{54C547B7-AF28-4036-9C5F-4685ABA1B0C6}.Debug|x64.Build.0 = Debug|Any CPU
		{54C547B7-AF28-4036-9C5F-4685ABA1B0C6}.Debug|x86.ActiveCfg = Debug|Any CPU
		{54C547B7-AF28-4036-9C5F-4685ABA1B0C6}.Debug|x86.Build.0 = Debug|Any CPU
		{54C547B7-AF28-4036-9C5F-4685ABA1B0C6}.Release|Any CPU.ActiveCfg = Release|Any CPU
		{54C547B7-AF28-4036-9C5F-4685ABA1B0C6}.Release|Any CPU.Build.0 = Release|Any CPU
		{54C547B7-AF28-4036-9C5F-4685ABA1B0C6}.Release|x64.ActiveCfg = Release|Any CPU
		{54C547B7-AF28-4036-9C5F-4685ABA1B0C6}.Release|x64.Build.0 = Release|Any CPU
		{54C547B7-AF28-4036-9C5F-4685ABA1B0C6}.Release|x86.ActiveCfg = Release|Any CPU
		{54C547B7-AF28-4036-9C5F-4685ABA1B0C6}.Release|x86.Build.0 = Release|Any CPU
		{7CD692D9-4698-4383-93DC-19543FC5FE60}.Debug|Any CPU.ActiveCfg = Debug|Any CPU
		{7CD692D9-4698-4383-93DC-19543FC5FE60}.Debug|Any CPU.Build.0 = Debug|Any CPU
		{7CD692D9-4698-4383-93DC-19543FC5FE60}.Debug|x64.ActiveCfg = Debug|Any CPU
		{7CD692D9-4698-4383-93DC-19543FC5FE60}.Debug|x64.Build.0 = Debug|Any CPU
		{7CD692D9-4698-4383-93DC-19543FC5FE60}.Debug|x86.ActiveCfg = Debug|Any CPU
		{7CD692D9-4698-4383-93DC-19543FC5FE60}.Debug|x86.Build.0 = Debug|Any CPU
		{7CD692D9-4698-4383-93DC-19543FC5FE60}.Release|Any CPU.ActiveCfg = Release|Any CPU
		{7CD692D9-4698-4383-93DC-19543FC5FE60}.Release|Any CPU.Build.0 = Release|Any CPU
		{7CD692D9-4698-4383-93DC-19543FC5FE60}.Release|x64.ActiveCfg = Release|Any CPU
		{7CD692D9-4698-4383-93DC-19543FC5FE60}.Release|x64.Build.0 = Release|Any CPU
		{7CD692D9-4698-4383-93DC-19543FC5FE60}.Release|x86.ActiveCfg = Release|Any CPU
		{7CD692D9-4698-4383-93DC-19543FC5FE60}.Release|x86.Build.0 = Release|Any CPU
		{0940BB9D-42FE-4843-B3EF-012F6E1CCF9E}.Debug|Any CPU.ActiveCfg = Debug|Any CPU
		{0940BB9D-42FE-4843-B3EF-012F6E1CCF9E}.Debug|Any CPU.Build.0 = Debug|Any CPU
		{0940BB9D-42FE-4843-B3EF-012F6E1CCF9E}.Debug|x64.ActiveCfg = Debug|Any CPU
		{0940BB9D-42FE-4843-B3EF-012F6E1CCF9E}.Debug|x64.Build.0 = Debug|Any CPU
		{0940BB9D-42FE-4843-B3EF-012F6E1CCF9E}.Debug|x86.ActiveCfg = Debug|Any CPU
		{0940BB9D-42FE-4843-B3EF-012F6E1CCF9E}.Debug|x86.Build.0 = Debug|Any CPU
		{0940BB9D-42FE-4843-B3EF-012F6E1CCF9E}.Release|Any CPU.ActiveCfg = Release|Any CPU
		{0940BB9D-42FE-4843-B3EF-012F6E1CCF9E}.Release|Any CPU.Build.0 = Release|Any CPU
		{0940BB9D-42FE-4843-B3EF-012F6E1CCF9E}.Release|x64.ActiveCfg = Release|Any CPU
		{0940BB9D-42FE-4843-B3EF-012F6E1CCF9E}.Release|x64.Build.0 = Release|Any CPU
		{0940BB9D-42FE-4843-B3EF-012F6E1CCF9E}.Release|x86.ActiveCfg = Release|Any CPU
		{0940BB9D-42FE-4843-B3EF-012F6E1CCF9E}.Release|x86.Build.0 = Release|Any CPU
		{6B4B4E76-0E70-4EF3-8AA9-CA11982E0371}.Debug|Any CPU.ActiveCfg = Debug|Any CPU
		{6B4B4E76-0E70-4EF3-8AA9-CA11982E0371}.Debug|Any CPU.Build.0 = Debug|Any CPU
		{6B4B4E76-0E70-4EF3-8AA9-CA11982E0371}.Debug|x64.ActiveCfg = Debug|Any CPU
		{6B4B4E76-0E70-4EF3-8AA9-CA11982E0371}.Debug|x64.Build.0 = Debug|Any CPU
		{6B4B4E76-0E70-4EF3-8AA9-CA11982E0371}.Debug|x86.ActiveCfg = Debug|Any CPU
		{6B4B4E76-0E70-4EF3-8AA9-CA11982E0371}.Debug|x86.Build.0 = Debug|Any CPU
		{6B4B4E76-0E70-4EF3-8AA9-CA11982E0371}.Release|Any CPU.ActiveCfg = Release|Any CPU
		{6B4B4E76-0E70-4EF3-8AA9-CA11982E0371}.Release|Any CPU.Build.0 = Release|Any CPU
		{6B4B4E76-0E70-4EF3-8AA9-CA11982E0371}.Release|x64.ActiveCfg = Release|Any CPU
		{6B4B4E76-0E70-4EF3-8AA9-CA11982E0371}.Release|x64.Build.0 = Release|Any CPU
		{6B4B4E76-0E70-4EF3-8AA9-CA11982E0371}.Release|x86.ActiveCfg = Release|Any CPU
		{6B4B4E76-0E70-4EF3-8AA9-CA11982E0371}.Release|x86.Build.0 = Release|Any CPU
		{8FA64070-24B7-49D1-98AA-E0C3C33E60D3}.Debug|Any CPU.ActiveCfg = Debug|Any CPU
		{8FA64070-24B7-49D1-98AA-E0C3C33E60D3}.Debug|Any CPU.Build.0 = Debug|Any CPU
		{8FA64070-24B7-49D1-98AA-E0C3C33E60D3}.Debug|x64.ActiveCfg = Debug|Any CPU
		{8FA64070-24B7-49D1-98AA-E0C3C33E60D3}.Debug|x64.Build.0 = Debug|Any CPU
		{8FA64070-24B7-49D1-98AA-E0C3C33E60D3}.Debug|x86.ActiveCfg = Debug|Any CPU
		{8FA64070-24B7-49D1-98AA-E0C3C33E60D3}.Debug|x86.Build.0 = Debug|Any CPU
		{8FA64070-24B7-49D1-98AA-E0C3C33E60D3}.Release|Any CPU.ActiveCfg = Release|Any CPU
		{8FA64070-24B7-49D1-98AA-E0C3C33E60D3}.Release|Any CPU.Build.0 = Release|Any CPU
		{8FA64070-24B7-49D1-98AA-E0C3C33E60D3}.Release|x64.ActiveCfg = Release|Any CPU
		{8FA64070-24B7-49D1-98AA-E0C3C33E60D3}.Release|x64.Build.0 = Release|Any CPU
		{8FA64070-24B7-49D1-98AA-E0C3C33E60D3}.Release|x86.ActiveCfg = Release|Any CPU
		{8FA64070-24B7-49D1-98AA-E0C3C33E60D3}.Release|x86.Build.0 = Release|Any CPU
		{56D823FB-1A57-4708-8104-227F6721C045}.Debug|Any CPU.ActiveCfg = Debug|Any CPU
		{56D823FB-1A57-4708-8104-227F6721C045}.Debug|Any CPU.Build.0 = Debug|Any CPU
		{56D823FB-1A57-4708-8104-227F6721C045}.Debug|x64.ActiveCfg = Debug|Any CPU
		{56D823FB-1A57-4708-8104-227F6721C045}.Debug|x64.Build.0 = Debug|Any CPU
		{56D823FB-1A57-4708-8104-227F6721C045}.Debug|x86.ActiveCfg = Debug|Any CPU
		{56D823FB-1A57-4708-8104-227F6721C045}.Debug|x86.Build.0 = Debug|Any CPU
		{56D823FB-1A57-4708-8104-227F6721C045}.Release|Any CPU.ActiveCfg = Release|Any CPU
		{56D823FB-1A57-4708-8104-227F6721C045}.Release|Any CPU.Build.0 = Release|Any CPU
		{56D823FB-1A57-4708-8104-227F6721C045}.Release|x64.ActiveCfg = Release|Any CPU
		{56D823FB-1A57-4708-8104-227F6721C045}.Release|x64.Build.0 = Release|Any CPU
		{56D823FB-1A57-4708-8104-227F6721C045}.Release|x86.ActiveCfg = Release|Any CPU
		{56D823FB-1A57-4708-8104-227F6721C045}.Release|x86.Build.0 = Release|Any CPU
		{A6D750D2-7C18-4561-98C0-408B373B6CC9}.Debug|Any CPU.ActiveCfg = Debug|Any CPU
		{A6D750D2-7C18-4561-98C0-408B373B6CC9}.Debug|Any CPU.Build.0 = Debug|Any CPU
		{A6D750D2-7C18-4561-98C0-408B373B6CC9}.Debug|x64.ActiveCfg = Debug|Any CPU
		{A6D750D2-7C18-4561-98C0-408B373B6CC9}.Debug|x64.Build.0 = Debug|Any CPU
		{A6D750D2-7C18-4561-98C0-408B373B6CC9}.Debug|x86.ActiveCfg = Debug|Any CPU
		{A6D750D2-7C18-4561-98C0-408B373B6CC9}.Debug|x86.Build.0 = Debug|Any CPU
		{A6D750D2-7C18-4561-98C0-408B373B6CC9}.Release|Any CPU.ActiveCfg = Release|Any CPU
		{A6D750D2-7C18-4561-98C0-408B373B6CC9}.Release|Any CPU.Build.0 = Release|Any CPU
		{A6D750D2-7C18-4561-98C0-408B373B6CC9}.Release|x64.ActiveCfg = Release|Any CPU
		{A6D750D2-7C18-4561-98C0-408B373B6CC9}.Release|x64.Build.0 = Release|Any CPU
		{A6D750D2-7C18-4561-98C0-408B373B6CC9}.Release|x86.ActiveCfg = Release|Any CPU
		{A6D750D2-7C18-4561-98C0-408B373B6CC9}.Release|x86.Build.0 = Release|Any CPU
		{0FBEDF85-64D6-49F7-82CD-39779FE05430}.Debug|Any CPU.ActiveCfg = Debug|Any CPU
		{0FBEDF85-64D6-49F7-82CD-39779FE05430}.Debug|Any CPU.Build.0 = Debug|Any CPU
		{0FBEDF85-64D6-49F7-82CD-39779FE05430}.Debug|x64.ActiveCfg = Debug|Any CPU
		{0FBEDF85-64D6-49F7-82CD-39779FE05430}.Debug|x64.Build.0 = Debug|Any CPU
		{0FBEDF85-64D6-49F7-82CD-39779FE05430}.Debug|x86.ActiveCfg = Debug|Any CPU
		{0FBEDF85-64D6-49F7-82CD-39779FE05430}.Debug|x86.Build.0 = Debug|Any CPU
		{0FBEDF85-64D6-49F7-82CD-39779FE05430}.Release|Any CPU.ActiveCfg = Release|Any CPU
		{0FBEDF85-64D6-49F7-82CD-39779FE05430}.Release|Any CPU.Build.0 = Release|Any CPU
		{0FBEDF85-64D6-49F7-82CD-39779FE05430}.Release|x64.ActiveCfg = Release|Any CPU
		{0FBEDF85-64D6-49F7-82CD-39779FE05430}.Release|x64.Build.0 = Release|Any CPU
		{0FBEDF85-64D6-49F7-82CD-39779FE05430}.Release|x86.ActiveCfg = Release|Any CPU
		{0FBEDF85-64D6-49F7-82CD-39779FE05430}.Release|x86.Build.0 = Release|Any CPU
		{FFC7DDA6-DB64-4539-A280-0D25A2EC8B64}.Debug|Any CPU.ActiveCfg = Debug|Any CPU
		{FFC7DDA6-DB64-4539-A280-0D25A2EC8B64}.Debug|Any CPU.Build.0 = Debug|Any CPU
		{FFC7DDA6-DB64-4539-A280-0D25A2EC8B64}.Debug|x64.ActiveCfg = Debug|Any CPU
		{FFC7DDA6-DB64-4539-A280-0D25A2EC8B64}.Debug|x64.Build.0 = Debug|Any CPU
		{FFC7DDA6-DB64-4539-A280-0D25A2EC8B64}.Debug|x86.ActiveCfg = Debug|Any CPU
		{FFC7DDA6-DB64-4539-A280-0D25A2EC8B64}.Debug|x86.Build.0 = Debug|Any CPU
		{FFC7DDA6-DB64-4539-A280-0D25A2EC8B64}.Release|Any CPU.ActiveCfg = Release|Any CPU
		{FFC7DDA6-DB64-4539-A280-0D25A2EC8B64}.Release|Any CPU.Build.0 = Release|Any CPU
		{FFC7DDA6-DB64-4539-A280-0D25A2EC8B64}.Release|x64.ActiveCfg = Release|Any CPU
		{FFC7DDA6-DB64-4539-A280-0D25A2EC8B64}.Release|x64.Build.0 = Release|Any CPU
		{FFC7DDA6-DB64-4539-A280-0D25A2EC8B64}.Release|x86.ActiveCfg = Release|Any CPU
		{FFC7DDA6-DB64-4539-A280-0D25A2EC8B64}.Release|x86.Build.0 = Release|Any CPU
		{B80DEF6C-AA14-4FC8-AA9C-942E1D7ED7E5}.Debug|Any CPU.ActiveCfg = Debug|Any CPU
		{B80DEF6C-AA14-4FC8-AA9C-942E1D7ED7E5}.Debug|Any CPU.Build.0 = Debug|Any CPU
		{B80DEF6C-AA14-4FC8-AA9C-942E1D7ED7E5}.Debug|x64.ActiveCfg = Debug|Any CPU
		{B80DEF6C-AA14-4FC8-AA9C-942E1D7ED7E5}.Debug|x64.Build.0 = Debug|Any CPU
		{B80DEF6C-AA14-4FC8-AA9C-942E1D7ED7E5}.Debug|x86.ActiveCfg = Debug|Any CPU
		{B80DEF6C-AA14-4FC8-AA9C-942E1D7ED7E5}.Debug|x86.Build.0 = Debug|Any CPU
		{B80DEF6C-AA14-4FC8-AA9C-942E1D7ED7E5}.Release|Any CPU.ActiveCfg = Release|Any CPU
		{B80DEF6C-AA14-4FC8-AA9C-942E1D7ED7E5}.Release|Any CPU.Build.0 = Release|Any CPU
		{B80DEF6C-AA14-4FC8-AA9C-942E1D7ED7E5}.Release|x64.ActiveCfg = Release|Any CPU
		{B80DEF6C-AA14-4FC8-AA9C-942E1D7ED7E5}.Release|x64.Build.0 = Release|Any CPU
		{B80DEF6C-AA14-4FC8-AA9C-942E1D7ED7E5}.Release|x86.ActiveCfg = Release|Any CPU
		{B80DEF6C-AA14-4FC8-AA9C-942E1D7ED7E5}.Release|x86.Build.0 = Release|Any CPU
		{AD0E2F94-DBDF-4B6C-83F5-0319D0F8AA2F}.Debug|Any CPU.ActiveCfg = Debug|Any CPU
		{AD0E2F94-DBDF-4B6C-83F5-0319D0F8AA2F}.Debug|Any CPU.Build.0 = Debug|Any CPU
		{AD0E2F94-DBDF-4B6C-83F5-0319D0F8AA2F}.Debug|x64.ActiveCfg = Debug|Any CPU
		{AD0E2F94-DBDF-4B6C-83F5-0319D0F8AA2F}.Debug|x64.Build.0 = Debug|Any CPU
		{AD0E2F94-DBDF-4B6C-83F5-0319D0F8AA2F}.Debug|x86.ActiveCfg = Debug|Any CPU
		{AD0E2F94-DBDF-4B6C-83F5-0319D0F8AA2F}.Debug|x86.Build.0 = Debug|Any CPU
		{AD0E2F94-DBDF-4B6C-83F5-0319D0F8AA2F}.Release|Any CPU.ActiveCfg = Release|Any CPU
		{AD0E2F94-DBDF-4B6C-83F5-0319D0F8AA2F}.Release|Any CPU.Build.0 = Release|Any CPU
		{AD0E2F94-DBDF-4B6C-83F5-0319D0F8AA2F}.Release|x64.ActiveCfg = Release|Any CPU
		{AD0E2F94-DBDF-4B6C-83F5-0319D0F8AA2F}.Release|x64.Build.0 = Release|Any CPU
		{AD0E2F94-DBDF-4B6C-83F5-0319D0F8AA2F}.Release|x86.ActiveCfg = Release|Any CPU
		{AD0E2F94-DBDF-4B6C-83F5-0319D0F8AA2F}.Release|x86.Build.0 = Release|Any CPU
	EndGlobalSection
	GlobalSection(SolutionProperties) = preSolution
		HideSolutionNode = FALSE
	EndGlobalSection
	GlobalSection(ExtensibilityGlobals) = postSolution
		SolutionGuid = {9F4F33FE-22FF-4257-A58A-B2043FF6810D}
	EndGlobalSection
EndGlobal
